// !$*UTF8*$!
{
	archiveVersion = 1;
	classes = {
	};
	objectVersion = 55;
	objects = {

/* Begin PBXBuildFile section */
		4F102845293920B0007987E6 /* StateInputForProcessing.swift in Sources */ = {isa = PBXBuildFile; fileRef = 4F102844293920B0007987E6 /* StateInputForProcessing.swift */; };
		4F1FF0DA292D3BFE004A15E4 /* Configurable.swift in Sources */ = {isa = PBXBuildFile; fileRef = 4F1FF0D9292D3BFE004A15E4 /* Configurable.swift */; };
		4F1FF0DC292D4554004A15E4 /* Images.swift in Sources */ = {isa = PBXBuildFile; fileRef = 4F1FF0DB292D4554004A15E4 /* Images.swift */; };
		4F1FF0DF292D5508004A15E4 /* URLRequest+encoding.swift in Sources */ = {isa = PBXBuildFile; fileRef = 4F1FF0DE292D5508004A15E4 /* URLRequest+encoding.swift */; };
		4F1FF0E5292D7284004A15E4 /* StringsCoins.swift in Sources */ = {isa = PBXBuildFile; fileRef = 4F1FF0E4292D7284004A15E4 /* StringsCoins.swift */; };
		4F345AA12918597100BA0849 /* DetailedCardCoinViewController.swift in Sources */ = {isa = PBXBuildFile; fileRef = 4F345AA02918597100BA0849 /* DetailedCardCoinViewController.swift */; };
		4F345AA429185DE000BA0849 /* CoinResponse.swift in Sources */ = {isa = PBXBuildFile; fileRef = 4F345AA329185DE000BA0849 /* CoinResponse.swift */; };
		4F345AA8291911D100BA0849 /* CoinsListViewController.swift in Sources */ = {isa = PBXBuildFile; fileRef = 4F345AA7291911D100BA0849 /* CoinsListViewController.swift */; };
		4F345AAA29191A0900BA0849 /* CoinTableViewCell.swift in Sources */ = {isa = PBXBuildFile; fileRef = 4F345AA929191A0900BA0849 /* CoinTableViewCell.swift */; };
		4F345AB32919277A00BA0849 /* CoinTableViewCellModel.swift in Sources */ = {isa = PBXBuildFile; fileRef = 4F345AB22919277A00BA0849 /* CoinTableViewCellModel.swift */; };
		4F345AB5291AD46F00BA0849 /* DetailedCardCoinViewModel.swift in Sources */ = {isa = PBXBuildFile; fileRef = 4F345AB4291AD46F00BA0849 /* DetailedCardCoinViewModel.swift */; };
		4F345ACA291BF9BC00BA0849 /* NetworkService.swift in Sources */ = {isa = PBXBuildFile; fileRef = 4F345AC9291BF9BC00BA0849 /* NetworkService.swift */; };
		4F345ACC291C0D0100BA0849 /* CoinRequest.swift in Sources */ = {isa = PBXBuildFile; fileRef = 4F345ACB291C0D0100BA0849 /* CoinRequest.swift */; };
		4F48E14F2953084900592CE5 /* ValidationServiceXCTestCase.swift in Sources */ = {isa = PBXBuildFile; fileRef = 4F48E14E2953084900592CE5 /* ValidationServiceXCTestCase.swift */; };
		4F48E1512953095F00592CE5 /* AlertPresentationServiceXCTestCase.swift in Sources */ = {isa = PBXBuildFile; fileRef = 4F48E1502953095F00592CE5 /* AlertPresentationServiceXCTestCase.swift */; };
		4F48E15329530A9700592CE5 /* AuthServiceXCTestCase.swift in Sources */ = {isa = PBXBuildFile; fileRef = 4F48E15229530A9700592CE5 /* AuthServiceXCTestCase.swift */; };
		4F48E15529530DFF00592CE5 /* ProcessingInputServiceXCTestCase.swift in Sources */ = {isa = PBXBuildFile; fileRef = 4F48E15429530DFF00592CE5 /* ProcessingInputServiceXCTestCase.swift */; };
		4F5CF1E32938BC9A00593B16 /* UIViewController+hideKeyboard.swift in Sources */ = {isa = PBXBuildFile; fileRef = 4F5CF1E22938BC9A00593B16 /* UIViewController+hideKeyboard.swift */; };
		4F5CF1E52938DC3D00593B16 /* ProcessingInputService.swift in Sources */ = {isa = PBXBuildFile; fileRef = 4F5CF1E42938DC3D00593B16 /* ProcessingInputService.swift */; };
		4F5CF1E72938F0C900593B16 /* AlertPresentationService.swift in Sources */ = {isa = PBXBuildFile; fileRef = 4F5CF1E62938F0C900593B16 /* AlertPresentationService.swift */; };
		4F6F6CB429223DA7003429DD /* StringsHeader.swift in Sources */ = {isa = PBXBuildFile; fileRef = 4F6F6CB329223DA7003429DD /* StringsHeader.swift */; };
		4F6F6CB629223F42003429DD /* StringsNetwork.swift in Sources */ = {isa = PBXBuildFile; fileRef = 4F6F6CB529223F42003429DD /* StringsNetwork.swift */; };
		4F7F3B96291C1986005275A7 /* DataResponseError.swift in Sources */ = {isa = PBXBuildFile; fileRef = 4F7F3B95291C1986005275A7 /* DataResponseError.swift */; };
		4F7F3B9A291C1BDC005275A7 /* HTTPURLResponse + hasSucsessStatusCode.swift in Sources */ = {isa = PBXBuildFile; fileRef = 4F7F3B99291C1BDC005275A7 /* HTTPURLResponse + hasSucsessStatusCode.swift */; };
		4F7F3B9C291C1DAF005275A7 /* CoinsListViewModel.swift in Sources */ = {isa = PBXBuildFile; fileRef = 4F7F3B9B291C1DAF005275A7 /* CoinsListViewModel.swift */; };
		4F7F3BA0291D3A1B005275A7 /* HeaderUIView.swift in Sources */ = {isa = PBXBuildFile; fileRef = 4F7F3B9F291D3A1A005275A7 /* HeaderUIView.swift */; };
		4F7F3BA3291D51FB005275A7 /* HeaderUIViewModel.swift in Sources */ = {isa = PBXBuildFile; fileRef = 4F7F3BA2291D51FB005275A7 /* HeaderUIViewModel.swift */; };
		4FB2A97A292A18AD00D57CED /* Double+rounded.swift in Sources */ = {isa = PBXBuildFile; fileRef = 4FB2A979292A18AD00D57CED /* Double+rounded.swift */; };
		4FB2A97C292ACDB200D57CED /* UITableViewCell+reuseIdentifier.swift in Sources */ = {isa = PBXBuildFile; fileRef = 4FB2A97B292ACDB200D57CED /* UITableViewCell+reuseIdentifier.swift */; };
		4FC1508E2945E170001E5D82 /* UIMenuModel.swift in Sources */ = {isa = PBXBuildFile; fileRef = 4FC1508D2945E170001E5D82 /* UIMenuModel.swift */; };
		4FC150902946280A001E5D82 /* StateHeader.swift in Sources */ = {isa = PBXBuildFile; fileRef = 4FC1508F2946280A001E5D82 /* StateHeader.swift */; };
		4FD7F16C2923C80500CF9F10 /* AuthModuleBuilder.swift in Sources */ = {isa = PBXBuildFile; fileRef = 4FD7F16B2923C80500CF9F10 /* AuthModuleBuilder.swift */; };
		4FD7F16E2923D03F00CF9F10 /* CoinsListModuleBuilder.swift in Sources */ = {isa = PBXBuildFile; fileRef = 4FD7F16D2923D03F00CF9F10 /* CoinsListModuleBuilder.swift */; };
		4FD7F1702923D85300CF9F10 /* DetailedCardCoinModuleBuilder.swift in Sources */ = {isa = PBXBuildFile; fileRef = 4FD7F16F2923D85300CF9F10 /* DetailedCardCoinModuleBuilder.swift */; };
		4FD7F1742923DA7E00CF9F10 /* DetailCardCoinView.swift in Sources */ = {isa = PBXBuildFile; fileRef = 4FD7F1732923DA7E00CF9F10 /* DetailCardCoinView.swift */; };
		4FD7F1762924148E00CF9F10 /* AuthService.swift in Sources */ = {isa = PBXBuildFile; fileRef = 4FD7F1752924148E00CF9F10 /* AuthService.swift */; };
		4FD7F1782924157900CF9F10 /* AuthStorage.swift in Sources */ = {isa = PBXBuildFile; fileRef = 4FD7F1772924157900CF9F10 /* AuthStorage.swift */; };
		4FD7F17A29241A8A00CF9F10 /* ValidationService.swift in Sources */ = {isa = PBXBuildFile; fileRef = 4FD7F17929241A8A00CF9F10 /* ValidationService.swift */; };
		4FD7F18129242CF600CF9F10 /* AppCoordinator.swift in Sources */ = {isa = PBXBuildFile; fileRef = 4FD7F18029242CF600CF9F10 /* AppCoordinator.swift */; };
		4FD7F18429242D9900CF9F10 /* Coordinator.swift in Sources */ = {isa = PBXBuildFile; fileRef = 4FD7F18329242D9900CF9F10 /* Coordinator.swift */; };
		4FD7F18729242E3400CF9F10 /* Routable.swift in Sources */ = {isa = PBXBuildFile; fileRef = 4FD7F18629242E3400CF9F10 /* Routable.swift */; };
		4FD7F18929242E8900CF9F10 /* Presentable.swift in Sources */ = {isa = PBXBuildFile; fileRef = 4FD7F18829242E8900CF9F10 /* Presentable.swift */; };
		4FD7F18C29242F8100CF9F10 /* BaseCoordinator.swift in Sources */ = {isa = PBXBuildFile; fileRef = 4FD7F18B29242F8100CF9F10 /* BaseCoordinator.swift */; };
		4FD7F18E292431AD00CF9F10 /* MainCoordinatorProtocol.swift in Sources */ = {isa = PBXBuildFile; fileRef = 4FD7F18D292431AD00CF9F10 /* MainCoordinatorProtocol.swift */; };
		4FD7F19029244B5300CF9F10 /* AppRouter.swift in Sources */ = {isa = PBXBuildFile; fileRef = 4FD7F18F29244B5200CF9F10 /* AppRouter.swift */; };
		4FD7F19229244D2200CF9F10 /* AuthCoordinator.swift in Sources */ = {isa = PBXBuildFile; fileRef = 4FD7F19129244D2200CF9F10 /* AuthCoordinator.swift */; };
		4FD7F19429244EB300CF9F10 /* AuthCoordinatorBuilder.swift in Sources */ = {isa = PBXBuildFile; fileRef = 4FD7F19329244EB300CF9F10 /* AuthCoordinatorBuilder.swift */; };
		4FD7F19629244F5600CF9F10 /* NavigationRouter.swift in Sources */ = {isa = PBXBuildFile; fileRef = 4FD7F19529244F5600CF9F10 /* NavigationRouter.swift */; };
		4FD7F1982925110100CF9F10 /* MainCoordinatorBuilder.swift in Sources */ = {isa = PBXBuildFile; fileRef = 4FD7F1972925110100CF9F10 /* MainCoordinatorBuilder.swift */; };
		4FD7F19A2927F88600CF9F10 /* Double+toString.swift in Sources */ = {isa = PBXBuildFile; fileRef = 4FD7F1992927F88600CF9F10 /* Double+toString.swift */; };
		4FD7F19C29280F1B00CF9F10 /* AuthView.swift in Sources */ = {isa = PBXBuildFile; fileRef = 4FD7F19B29280F1B00CF9F10 /* AuthView.swift */; };
		4FD7F19F2928212000CF9F10 /* CoinsResponse+createCellModel.swift in Sources */ = {isa = PBXBuildFile; fileRef = 4FD7F19E2928212000CF9F10 /* CoinsResponse+createCellModel.swift */; };
		4FD7F1A12928215C00CF9F10 /* CoinseResponse+convertToCoin.swift in Sources */ = {isa = PBXBuildFile; fileRef = 4FD7F1A02928215C00CF9F10 /* CoinseResponse+convertToCoin.swift */; };
		4FD7F1A3292821B000CF9F10 /* Coin.swift in Sources */ = {isa = PBXBuildFile; fileRef = 4FD7F1A2292821B000CF9F10 /* Coin.swift */; };
		4FD7F1A5292821D500CF9F10 /* Coin+convertToCellModel.swift in Sources */ = {isa = PBXBuildFile; fileRef = 4FD7F1A4292821D500CF9F10 /* Coin+convertToCellModel.swift */; };
		4FE8169C29127E4A00F4B1D9 /* AppDelegate.swift in Sources */ = {isa = PBXBuildFile; fileRef = 4FE8169B29127E4A00F4B1D9 /* AppDelegate.swift */; };
		4FE816A029127E4A00F4B1D9 /* AuthViewController.swift in Sources */ = {isa = PBXBuildFile; fileRef = 4FE8169F29127E4A00F4B1D9 /* AuthViewController.swift */; };
		4FE816A529127E5300F4B1D9 /* Assets.xcassets in Resources */ = {isa = PBXBuildFile; fileRef = 4FE816A429127E5300F4B1D9 /* Assets.xcassets */; };
		4FE816A829127E5300F4B1D9 /* LaunchScreen.storyboard in Resources */ = {isa = PBXBuildFile; fileRef = 4FE816A629127E5300F4B1D9 /* LaunchScreen.storyboard */; };
		4FE816B12912D06600F4B1D9 /* Colors.swift in Sources */ = {isa = PBXBuildFile; fileRef = 4FE816B02912D06600F4B1D9 /* Colors.swift */; };
		4FE816B32912D44C00F4B1D9 /* StringsAuth.swift in Sources */ = {isa = PBXBuildFile; fileRef = 4FE816B22912D44C00F4B1D9 /* StringsAuth.swift */; };
		4FFE5E8C291430AC00CFC65F /* AuthViewModel.swift in Sources */ = {isa = PBXBuildFile; fileRef = 4FFE5E8B291430AC00CFC65F /* AuthViewModel.swift */; };
		4FFE5E8E2914395E00CFC65F /* ValidationConstants.swift in Sources */ = {isa = PBXBuildFile; fileRef = 4FFE5E8D2914395E00CFC65F /* ValidationConstants.swift */; };
/* End PBXBuildFile section */

/* Begin PBXContainerItemProxy section */
		4FC15064293E6540001E5D82 /* PBXContainerItemProxy */ = {
			isa = PBXContainerItemProxy;
			containerPortal = 4FE8169029127E4A00F4B1D9 /* Project object */;
			proxyType = 1;
			remoteGlobalIDString = 4FE8169729127E4A00F4B1D9;
			remoteInfo = "СryptoWallet";
		};
/* End PBXContainerItemProxy section */

/* Begin PBXFileReference section */
		4F102844293920B0007987E6 /* StateInputForProcessing.swift */ = {isa = PBXFileReference; lastKnownFileType = sourcecode.swift; path = StateInputForProcessing.swift; sourceTree = "<group>"; };
		4F1FF0D9292D3BFE004A15E4 /* Configurable.swift */ = {isa = PBXFileReference; lastKnownFileType = sourcecode.swift; path = Configurable.swift; sourceTree = "<group>"; };
		4F1FF0DB292D4554004A15E4 /* Images.swift */ = {isa = PBXFileReference; lastKnownFileType = sourcecode.swift; path = Images.swift; sourceTree = "<group>"; };
		4F1FF0DE292D5508004A15E4 /* URLRequest+encoding.swift */ = {isa = PBXFileReference; lastKnownFileType = sourcecode.swift; path = "URLRequest+encoding.swift"; sourceTree = "<group>"; };
		4F1FF0E4292D7284004A15E4 /* StringsCoins.swift */ = {isa = PBXFileReference; lastKnownFileType = sourcecode.swift; path = StringsCoins.swift; sourceTree = "<group>"; };
		4F345AA02918597100BA0849 /* DetailedCardCoinViewController.swift */ = {isa = PBXFileReference; lastKnownFileType = sourcecode.swift; path = DetailedCardCoinViewController.swift; sourceTree = "<group>"; };
		4F345AA329185DE000BA0849 /* CoinResponse.swift */ = {isa = PBXFileReference; lastKnownFileType = sourcecode.swift; path = CoinResponse.swift; sourceTree = "<group>"; };
		4F345AA7291911D100BA0849 /* CoinsListViewController.swift */ = {isa = PBXFileReference; lastKnownFileType = sourcecode.swift; path = CoinsListViewController.swift; sourceTree = "<group>"; };
		4F345AA929191A0900BA0849 /* CoinTableViewCell.swift */ = {isa = PBXFileReference; lastKnownFileType = sourcecode.swift; path = CoinTableViewCell.swift; sourceTree = "<group>"; };
		4F345AB22919277A00BA0849 /* CoinTableViewCellModel.swift */ = {isa = PBXFileReference; lastKnownFileType = sourcecode.swift; path = CoinTableViewCellModel.swift; sourceTree = "<group>"; };
		4F345AB4291AD46F00BA0849 /* DetailedCardCoinViewModel.swift */ = {isa = PBXFileReference; lastKnownFileType = sourcecode.swift; path = DetailedCardCoinViewModel.swift; sourceTree = "<group>"; };
		4F345AC9291BF9BC00BA0849 /* NetworkService.swift */ = {isa = PBXFileReference; lastKnownFileType = sourcecode.swift; path = NetworkService.swift; sourceTree = "<group>"; };
		4F345ACB291C0D0100BA0849 /* CoinRequest.swift */ = {isa = PBXFileReference; lastKnownFileType = sourcecode.swift; path = CoinRequest.swift; sourceTree = "<group>"; };
		4F48E14E2953084900592CE5 /* ValidationServiceXCTestCase.swift */ = {isa = PBXFileReference; lastKnownFileType = sourcecode.swift; path = ValidationServiceXCTestCase.swift; sourceTree = "<group>"; };
		4F48E1502953095F00592CE5 /* AlertPresentationServiceXCTestCase.swift */ = {isa = PBXFileReference; lastKnownFileType = sourcecode.swift; path = AlertPresentationServiceXCTestCase.swift; sourceTree = "<group>"; };
		4F48E15229530A9700592CE5 /* AuthServiceXCTestCase.swift */ = {isa = PBXFileReference; lastKnownFileType = sourcecode.swift; path = AuthServiceXCTestCase.swift; sourceTree = "<group>"; };
		4F48E15429530DFF00592CE5 /* ProcessingInputServiceXCTestCase.swift */ = {isa = PBXFileReference; lastKnownFileType = sourcecode.swift; path = ProcessingInputServiceXCTestCase.swift; sourceTree = "<group>"; };
		4F5CF1E22938BC9A00593B16 /* UIViewController+hideKeyboard.swift */ = {isa = PBXFileReference; lastKnownFileType = sourcecode.swift; path = "UIViewController+hideKeyboard.swift"; sourceTree = "<group>"; };
		4F5CF1E42938DC3D00593B16 /* ProcessingInputService.swift */ = {isa = PBXFileReference; lastKnownFileType = sourcecode.swift; path = ProcessingInputService.swift; sourceTree = "<group>"; };
		4F5CF1E62938F0C900593B16 /* AlertPresentationService.swift */ = {isa = PBXFileReference; lastKnownFileType = sourcecode.swift; path = AlertPresentationService.swift; sourceTree = "<group>"; };
		4F6F6CB329223DA7003429DD /* StringsHeader.swift */ = {isa = PBXFileReference; lastKnownFileType = sourcecode.swift; path = StringsHeader.swift; sourceTree = "<group>"; };
		4F6F6CB529223F42003429DD /* StringsNetwork.swift */ = {isa = PBXFileReference; lastKnownFileType = sourcecode.swift; path = StringsNetwork.swift; sourceTree = "<group>"; };
		4F7F3B95291C1986005275A7 /* DataResponseError.swift */ = {isa = PBXFileReference; lastKnownFileType = sourcecode.swift; path = DataResponseError.swift; sourceTree = "<group>"; };
		4F7F3B99291C1BDC005275A7 /* HTTPURLResponse + hasSucsessStatusCode.swift */ = {isa = PBXFileReference; lastKnownFileType = sourcecode.swift; path = "HTTPURLResponse + hasSucsessStatusCode.swift"; sourceTree = "<group>"; };
		4F7F3B9B291C1DAF005275A7 /* CoinsListViewModel.swift */ = {isa = PBXFileReference; lastKnownFileType = sourcecode.swift; path = CoinsListViewModel.swift; sourceTree = "<group>"; };
		4F7F3B9F291D3A1A005275A7 /* HeaderUIView.swift */ = {isa = PBXFileReference; lastKnownFileType = sourcecode.swift; path = HeaderUIView.swift; sourceTree = "<group>"; };
		4F7F3BA2291D51FB005275A7 /* HeaderUIViewModel.swift */ = {isa = PBXFileReference; lastKnownFileType = sourcecode.swift; path = HeaderUIViewModel.swift; sourceTree = "<group>"; };
		4FB2A979292A18AD00D57CED /* Double+rounded.swift */ = {isa = PBXFileReference; lastKnownFileType = sourcecode.swift; path = "Double+rounded.swift"; sourceTree = "<group>"; };
		4FB2A97B292ACDB200D57CED /* UITableViewCell+reuseIdentifier.swift */ = {isa = PBXFileReference; lastKnownFileType = sourcecode.swift; path = "UITableViewCell+reuseIdentifier.swift"; sourceTree = "<group>"; };
		4FC15060293E6540001E5D82 /* СryptoWalletTests.xctest */ = {isa = PBXFileReference; explicitFileType = wrapper.cfbundle; includeInIndex = 0; path = "СryptoWalletTests.xctest"; sourceTree = BUILT_PRODUCTS_DIR; };
		4FC1508D2945E170001E5D82 /* UIMenuModel.swift */ = {isa = PBXFileReference; lastKnownFileType = sourcecode.swift; path = UIMenuModel.swift; sourceTree = "<group>"; };
		4FC1508F2946280A001E5D82 /* StateHeader.swift */ = {isa = PBXFileReference; lastKnownFileType = sourcecode.swift; path = StateHeader.swift; sourceTree = "<group>"; };
		4FD7F16B2923C80500CF9F10 /* AuthModuleBuilder.swift */ = {isa = PBXFileReference; lastKnownFileType = sourcecode.swift; path = AuthModuleBuilder.swift; sourceTree = "<group>"; };
		4FD7F16D2923D03F00CF9F10 /* CoinsListModuleBuilder.swift */ = {isa = PBXFileReference; lastKnownFileType = sourcecode.swift; path = CoinsListModuleBuilder.swift; sourceTree = "<group>"; };
		4FD7F16F2923D85300CF9F10 /* DetailedCardCoinModuleBuilder.swift */ = {isa = PBXFileReference; lastKnownFileType = sourcecode.swift; path = DetailedCardCoinModuleBuilder.swift; sourceTree = "<group>"; };
		4FD7F1732923DA7E00CF9F10 /* DetailCardCoinView.swift */ = {isa = PBXFileReference; lastKnownFileType = sourcecode.swift; path = DetailCardCoinView.swift; sourceTree = "<group>"; };
		4FD7F1752924148E00CF9F10 /* AuthService.swift */ = {isa = PBXFileReference; lastKnownFileType = sourcecode.swift; path = AuthService.swift; sourceTree = "<group>"; };
		4FD7F1772924157900CF9F10 /* AuthStorage.swift */ = {isa = PBXFileReference; lastKnownFileType = sourcecode.swift; path = AuthStorage.swift; sourceTree = "<group>"; };
		4FD7F17929241A8A00CF9F10 /* ValidationService.swift */ = {isa = PBXFileReference; lastKnownFileType = sourcecode.swift; path = ValidationService.swift; sourceTree = "<group>"; };
		4FD7F18029242CF600CF9F10 /* AppCoordinator.swift */ = {isa = PBXFileReference; lastKnownFileType = sourcecode.swift; path = AppCoordinator.swift; sourceTree = "<group>"; };
		4FD7F18329242D9900CF9F10 /* Coordinator.swift */ = {isa = PBXFileReference; lastKnownFileType = sourcecode.swift; path = Coordinator.swift; sourceTree = "<group>"; };
		4FD7F18629242E3400CF9F10 /* Routable.swift */ = {isa = PBXFileReference; lastKnownFileType = sourcecode.swift; path = Routable.swift; sourceTree = "<group>"; };
		4FD7F18829242E8900CF9F10 /* Presentable.swift */ = {isa = PBXFileReference; lastKnownFileType = sourcecode.swift; path = Presentable.swift; sourceTree = "<group>"; };
		4FD7F18B29242F8100CF9F10 /* BaseCoordinator.swift */ = {isa = PBXFileReference; lastKnownFileType = sourcecode.swift; path = BaseCoordinator.swift; sourceTree = "<group>"; };
		4FD7F18D292431AD00CF9F10 /* MainCoordinatorProtocol.swift */ = {isa = PBXFileReference; lastKnownFileType = sourcecode.swift; path = MainCoordinatorProtocol.swift; sourceTree = "<group>"; };
		4FD7F18F29244B5200CF9F10 /* AppRouter.swift */ = {isa = PBXFileReference; lastKnownFileType = sourcecode.swift; path = AppRouter.swift; sourceTree = "<group>"; };
		4FD7F19129244D2200CF9F10 /* AuthCoordinator.swift */ = {isa = PBXFileReference; lastKnownFileType = sourcecode.swift; path = AuthCoordinator.swift; sourceTree = "<group>"; };
		4FD7F19329244EB300CF9F10 /* AuthCoordinatorBuilder.swift */ = {isa = PBXFileReference; lastKnownFileType = sourcecode.swift; path = AuthCoordinatorBuilder.swift; sourceTree = "<group>"; };
		4FD7F19529244F5600CF9F10 /* NavigationRouter.swift */ = {isa = PBXFileReference; lastKnownFileType = sourcecode.swift; path = NavigationRouter.swift; sourceTree = "<group>"; };
		4FD7F1972925110100CF9F10 /* MainCoordinatorBuilder.swift */ = {isa = PBXFileReference; lastKnownFileType = sourcecode.swift; path = MainCoordinatorBuilder.swift; sourceTree = "<group>"; };
		4FD7F1992927F88600CF9F10 /* Double+toString.swift */ = {isa = PBXFileReference; lastKnownFileType = sourcecode.swift; path = "Double+toString.swift"; sourceTree = "<group>"; };
		4FD7F19B29280F1B00CF9F10 /* AuthView.swift */ = {isa = PBXFileReference; lastKnownFileType = sourcecode.swift; path = AuthView.swift; sourceTree = "<group>"; };
		4FD7F19E2928212000CF9F10 /* CoinsResponse+createCellModel.swift */ = {isa = PBXFileReference; lastKnownFileType = sourcecode.swift; path = "CoinsResponse+createCellModel.swift"; sourceTree = "<group>"; };
		4FD7F1A02928215C00CF9F10 /* CoinseResponse+convertToCoin.swift */ = {isa = PBXFileReference; lastKnownFileType = sourcecode.swift; path = "CoinseResponse+convertToCoin.swift"; sourceTree = "<group>"; };
		4FD7F1A2292821B000CF9F10 /* Coin.swift */ = {isa = PBXFileReference; lastKnownFileType = sourcecode.swift; path = Coin.swift; sourceTree = "<group>"; };
		4FD7F1A4292821D500CF9F10 /* Coin+convertToCellModel.swift */ = {isa = PBXFileReference; lastKnownFileType = sourcecode.swift; path = "Coin+convertToCellModel.swift"; sourceTree = "<group>"; };
		4FE8169829127E4A00F4B1D9 /* СryptoWallet.app */ = {isa = PBXFileReference; explicitFileType = wrapper.application; includeInIndex = 0; path = "СryptoWallet.app"; sourceTree = BUILT_PRODUCTS_DIR; };
		4FE8169B29127E4A00F4B1D9 /* AppDelegate.swift */ = {isa = PBXFileReference; lastKnownFileType = sourcecode.swift; path = AppDelegate.swift; sourceTree = "<group>"; };
		4FE8169F29127E4A00F4B1D9 /* AuthViewController.swift */ = {isa = PBXFileReference; lastKnownFileType = sourcecode.swift; path = AuthViewController.swift; sourceTree = "<group>"; };
		4FE816A429127E5300F4B1D9 /* Assets.xcassets */ = {isa = PBXFileReference; lastKnownFileType = folder.assetcatalog; path = Assets.xcassets; sourceTree = "<group>"; };
		4FE816A729127E5300F4B1D9 /* Base */ = {isa = PBXFileReference; lastKnownFileType = file.storyboard; name = Base; path = Base.lproj/LaunchScreen.storyboard; sourceTree = "<group>"; };
		4FE816A929127E5300F4B1D9 /* Info.plist */ = {isa = PBXFileReference; lastKnownFileType = text.plist.xml; path = Info.plist; sourceTree = "<group>"; };
		4FE816B02912D06600F4B1D9 /* Colors.swift */ = {isa = PBXFileReference; lastKnownFileType = sourcecode.swift; path = Colors.swift; sourceTree = "<group>"; };
		4FE816B22912D44C00F4B1D9 /* StringsAuth.swift */ = {isa = PBXFileReference; lastKnownFileType = sourcecode.swift; path = StringsAuth.swift; sourceTree = "<group>"; };
		4FFE5E8B291430AC00CFC65F /* AuthViewModel.swift */ = {isa = PBXFileReference; lastKnownFileType = sourcecode.swift; path = AuthViewModel.swift; sourceTree = "<group>"; };
		4FFE5E8D2914395E00CFC65F /* ValidationConstants.swift */ = {isa = PBXFileReference; lastKnownFileType = sourcecode.swift; path = ValidationConstants.swift; sourceTree = "<group>"; };
/* End PBXFileReference section */

/* Begin PBXFrameworksBuildPhase section */
		4FC1505D293E6540001E5D82 /* Frameworks */ = {
			isa = PBXFrameworksBuildPhase;
			buildActionMask = 2147483647;
			files = (
			);
			runOnlyForDeploymentPostprocessing = 0;
		};
		4FE8169529127E4A00F4B1D9 /* Frameworks */ = {
			isa = PBXFrameworksBuildPhase;
			buildActionMask = 2147483647;
			files = (
			);
			runOnlyForDeploymentPostprocessing = 0;
		};
/* End PBXFrameworksBuildPhase section */

/* Begin PBXGroup section */
		4F02A0F8291F85DB0069AB2E /* Common Extensions */ = {
			isa = PBXGroup;
			children = (
				4FB2A97B292ACDB200D57CED /* UITableViewCell+reuseIdentifier.swift */,
				4FD7F1992927F88600CF9F10 /* Double+toString.swift */,
				4FB2A979292A18AD00D57CED /* Double+rounded.swift */,
			);
			path = "Common Extensions";
			sourceTree = "<group>";
		};
		4F102846293920E7007987E6 /* ViewModel */ = {
			isa = PBXGroup;
			children = (
				4FFE5E8B291430AC00CFC65F /* AuthViewModel.swift */,
			);
			path = ViewModel;
			sourceTree = "<group>";
		};
		4F1028472939212A007987E6 /* Services */ = {
			isa = PBXGroup;
			children = (
				4FD7F1752924148E00CF9F10 /* AuthService.swift */,
				4FD7F17929241A8A00CF9F10 /* ValidationService.swift */,
				4F5CF1E62938F0C900593B16 /* AlertPresentationService.swift */,
			);
			path = Services;
			sourceTree = "<group>";
		};
		4F1FF0D8292D3BE8004A15E4 /* Common Protocols */ = {
			isa = PBXGroup;
			children = (
				4F1FF0D9292D3BFE004A15E4 /* Configurable.swift */,
			);
			path = "Common Protocols";
			sourceTree = "<group>";
		};
		4F1FF0DD292D54E6004A15E4 /* Extensions */ = {
			isa = PBXGroup;
			children = (
				4F1FF0DE292D5508004A15E4 /* URLRequest+encoding.swift */,
				4F7F3B99291C1BDC005275A7 /* HTTPURLResponse + hasSucsessStatusCode.swift */,
			);
			path = Extensions;
			sourceTree = "<group>";
		};
		4F1FF0E0292D5940004A15E4 /* Router */ = {
			isa = PBXGroup;
			children = (
				4FD7F18F29244B5200CF9F10 /* AppRouter.swift */,
				4FD7F19529244F5600CF9F10 /* NavigationRouter.swift */,
			);
			path = Router;
			sourceTree = "<group>";
		};
		4F1FF0E1292D664F004A15E4 /* Extensions */ = {
			isa = PBXGroup;
			children = (
				4F1FF0E3292D7246004A15E4 /* Coin */,
				4F1FF0E2292D7233004A15E4 /* CoinsResponse */,
			);
			path = Extensions;
			sourceTree = "<group>";
		};
		4F1FF0E2292D7233004A15E4 /* CoinsResponse */ = {
			isa = PBXGroup;
			children = (
				4FD7F19E2928212000CF9F10 /* CoinsResponse+createCellModel.swift */,
				4FD7F1A02928215C00CF9F10 /* CoinseResponse+convertToCoin.swift */,
			);
			path = CoinsResponse;
			sourceTree = "<group>";
		};
		4F1FF0E3292D7246004A15E4 /* Coin */ = {
			isa = PBXGroup;
			children = (
				4FD7F1A4292821D500CF9F10 /* Coin+convertToCellModel.swift */,
			);
			path = Coin;
			sourceTree = "<group>";
		};
		4F345A9E291858DA00BA0849 /* СoinsListModule */ = {
			isa = PBXGroup;
			children = (
				4F1FF0E1292D664F004A15E4 /* Extensions */,
				4F7F3BA1291D50CD005275A7 /* Header */,
				4F345AB12919274A00BA0849 /* CoinCell */,
				4F345AA7291911D100BA0849 /* CoinsListViewController.swift */,
				4F7F3B9B291C1DAF005275A7 /* CoinsListViewModel.swift */,
				4FD7F16D2923D03F00CF9F10 /* CoinsListModuleBuilder.swift */,
				4FC1508F2946280A001E5D82 /* StateHeader.swift */,
			);
			path = "СoinsListModule";
			sourceTree = "<group>";
		};
		4F345A9F2918591700BA0849 /* DetailedCardCoinModule */ = {
			isa = PBXGroup;
			children = (
				4FD7F1A62928276200CF9F10 /* View */,
				4F345AB4291AD46F00BA0849 /* DetailedCardCoinViewModel.swift */,
				4FD7F16F2923D85300CF9F10 /* DetailedCardCoinModuleBuilder.swift */,
			);
			path = DetailedCardCoinModule;
			sourceTree = "<group>";
		};
		4F345AA229185DCA00BA0849 /* Data Layer */ = {
			isa = PBXGroup;
			children = (
				4F345AB6291AE54400BA0849 /* Networking */,
				4FD7F1672923BA7400CF9F10 /* Storage */,
				4FD7F1662923BA6400CF9F10 /* Entities */,
			);
			path = "Data Layer";
			sourceTree = "<group>";
		};
		4F345AB12919274A00BA0849 /* CoinCell */ = {
			isa = PBXGroup;
			children = (
				4F345AA929191A0900BA0849 /* CoinTableViewCell.swift */,
				4F345AB22919277A00BA0849 /* CoinTableViewCellModel.swift */,
			);
			path = CoinCell;
			sourceTree = "<group>";
		};
		4F345AB6291AE54400BA0849 /* Networking */ = {
			isa = PBXGroup;
			children = (
				4F1FF0DD292D54E6004A15E4 /* Extensions */,
				4F345AC9291BF9BC00BA0849 /* NetworkService.swift */,
				4F7F3B95291C1986005275A7 /* DataResponseError.swift */,
				4F345ACB291C0D0100BA0849 /* CoinRequest.swift */,
			);
			path = Networking;
			sourceTree = "<group>";
		};
		4F5CF1E12938BC6700593B16 /* Extensions */ = {
			isa = PBXGroup;
			children = (
				4F5CF1E22938BC9A00593B16 /* UIViewController+hideKeyboard.swift */,
			);
			path = Extensions;
			sourceTree = "<group>";
		};
		4F6F6CB229223C88003429DD /* Resources */ = {
			isa = PBXGroup;
			children = (
				4FE816A429127E5300F4B1D9 /* Assets.xcassets */,
				4FE816B02912D06600F4B1D9 /* Colors.swift */,
				4FFE5E8D2914395E00CFC65F /* ValidationConstants.swift */,
				4FE816B22912D44C00F4B1D9 /* StringsAuth.swift */,
				4F6F6CB329223DA7003429DD /* StringsHeader.swift */,
				4F6F6CB529223F42003429DD /* StringsNetwork.swift */,
				4F1FF0DB292D4554004A15E4 /* Images.swift */,
				4F1FF0E4292D7284004A15E4 /* StringsCoins.swift */,
			);
			path = Resources;
			sourceTree = "<group>";
		};
		4F6F6CB729224352003429DD /* Application Layer */ = {
			isa = PBXGroup;
			children = (
				4FE8169B29127E4A00F4B1D9 /* AppDelegate.swift */,
			);
			path = "Application Layer";
			sourceTree = "<group>";
		};
		4F7F3BA1291D50CD005275A7 /* Header */ = {
			isa = PBXGroup;
			children = (
				4F7F3B9F291D3A1A005275A7 /* HeaderUIView.swift */,
				4F7F3BA2291D51FB005275A7 /* HeaderUIViewModel.swift */,
				4FC1508D2945E170001E5D82 /* UIMenuModel.swift */,
			);
			path = Header;
			sourceTree = "<group>";
		};
		4FC15061293E6540001E5D82 /* СryptoWalletTests */ = {
			isa = PBXGroup;
			children = (
				4F48E14E2953084900592CE5 /* ValidationServiceXCTestCase.swift */,
				4F48E1502953095F00592CE5 /* AlertPresentationServiceXCTestCase.swift */,
				4F48E15229530A9700592CE5 /* AuthServiceXCTestCase.swift */,
				4F48E15429530DFF00592CE5 /* ProcessingInputServiceXCTestCase.swift */,
			);
			path = "СryptoWalletTests";
			sourceTree = "<group>";
		};
		4FD7F1652923BA3B00CF9F10 /* Classes */ = {
			isa = PBXGroup;
			children = (
				4F345AA229185DCA00BA0849 /* Data Layer */,
				4F6F6CB729224352003429DD /* Application Layer */,
				4FD7F1692923BB5400CF9F10 /* Presentation Layer */,
				4F1FF0D8292D3BE8004A15E4 /* Common Protocols */,
				4F02A0F8291F85DB0069AB2E /* Common Extensions */,
			);
			path = Classes;
			sourceTree = "<group>";
		};
		4FD7F1662923BA6400CF9F10 /* Entities */ = {
			isa = PBXGroup;
			children = (
				4F345AA329185DE000BA0849 /* CoinResponse.swift */,
				4FD7F1A2292821B000CF9F10 /* Coin.swift */,
			);
			path = Entities;
			sourceTree = "<group>";
		};
		4FD7F1672923BA7400CF9F10 /* Storage */ = {
			isa = PBXGroup;
			children = (
				4FD7F1772924157900CF9F10 /* AuthStorage.swift */,
			);
			path = Storage;
			sourceTree = "<group>";
		};
		4FD7F1682923BAC600CF9F10 /* Supporting Files */ = {
			isa = PBXGroup;
			children = (
				4FE816A629127E5300F4B1D9 /* LaunchScreen.storyboard */,
			);
			path = "Supporting Files";
			sourceTree = "<group>";
		};
		4FD7F1692923BB5400CF9F10 /* Presentation Layer */ = {
			isa = PBXGroup;
			children = (
				4FD7F18229242D7C00CF9F10 /* Coordinator */,
				4FD7F17B29242A5E00CF9F10 /* Flows */,
			);
			path = "Presentation Layer";
			sourceTree = "<group>";
		};
		4FD7F17B29242A5E00CF9F10 /* Flows */ = {
			isa = PBXGroup;
			children = (
				4FD7F17F29242CC900CF9F10 /* AppFlow */,
				4FD7F17E29242AC200CF9F10 /* MainFlow */,
				4FD7F17D29242AB100CF9F10 /* AuthFlow */,
			);
			path = Flows;
			sourceTree = "<group>";
		};
		4FD7F17D29242AB100CF9F10 /* AuthFlow */ = {
			isa = PBXGroup;
			children = (
				4FD7F19329244EB300CF9F10 /* AuthCoordinatorBuilder.swift */,
				4FD7F19129244D2200CF9F10 /* AuthCoordinator.swift */,
				4FE816B42914035600F4B1D9 /* AuthModule */,
			);
			path = AuthFlow;
			sourceTree = "<group>";
		};
		4FD7F17E29242AC200CF9F10 /* MainFlow */ = {
			isa = PBXGroup;
			children = (
				4FD7F18D292431AD00CF9F10 /* MainCoordinatorProtocol.swift */,
				4FD7F1972925110100CF9F10 /* MainCoordinatorBuilder.swift */,
				4F345A9E291858DA00BA0849 /* СoinsListModule */,
				4F345A9F2918591700BA0849 /* DetailedCardCoinModule */,
			);
			path = MainFlow;
			sourceTree = "<group>";
		};
		4FD7F17F29242CC900CF9F10 /* AppFlow */ = {
			isa = PBXGroup;
			children = (
				4FD7F18029242CF600CF9F10 /* AppCoordinator.swift */,
			);
			path = AppFlow;
			sourceTree = "<group>";
		};
		4FD7F18229242D7C00CF9F10 /* Coordinator */ = {
			isa = PBXGroup;
			children = (
				4F1FF0E0292D5940004A15E4 /* Router */,
				4FD7F18A29242F4A00CF9F10 /* Realization */,
				4FD7F18529242DCA00CF9F10 /* Protocols */,
			);
			path = Coordinator;
			sourceTree = "<group>";
		};
		4FD7F18529242DCA00CF9F10 /* Protocols */ = {
			isa = PBXGroup;
			children = (
				4FD7F18329242D9900CF9F10 /* Coordinator.swift */,
				4FD7F18629242E3400CF9F10 /* Routable.swift */,
				4FD7F18829242E8900CF9F10 /* Presentable.swift */,
			);
			path = Protocols;
			sourceTree = "<group>";
		};
		4FD7F18A29242F4A00CF9F10 /* Realization */ = {
			isa = PBXGroup;
			children = (
				4FD7F18B29242F8100CF9F10 /* BaseCoordinator.swift */,
			);
			path = Realization;
			sourceTree = "<group>";
		};
		4FD7F19D292818DA00CF9F10 /* View */ = {
			isa = PBXGroup;
			children = (
				4FD7F19B29280F1B00CF9F10 /* AuthView.swift */,
				4FE8169F29127E4A00F4B1D9 /* AuthViewController.swift */,
			);
			path = View;
			sourceTree = "<group>";
		};
		4FD7F1A62928276200CF9F10 /* View */ = {
			isa = PBXGroup;
			children = (
				4FD7F1732923DA7E00CF9F10 /* DetailCardCoinView.swift */,
				4F345AA02918597100BA0849 /* DetailedCardCoinViewController.swift */,
			);
			path = View;
			sourceTree = "<group>";
		};
		4FE8168F29127E4A00F4B1D9 = {
			isa = PBXGroup;
			children = (
				4FE8169A29127E4A00F4B1D9 /* СryptoWallet */,
				4FC15061293E6540001E5D82 /* СryptoWalletTests */,
				4FE8169929127E4A00F4B1D9 /* Products */,
			);
			sourceTree = "<group>";
		};
		4FE8169929127E4A00F4B1D9 /* Products */ = {
			isa = PBXGroup;
			children = (
				4FE8169829127E4A00F4B1D9 /* СryptoWallet.app */,
				4FC15060293E6540001E5D82 /* СryptoWalletTests.xctest */,
			);
			name = Products;
			sourceTree = "<group>";
		};
		4FE8169A29127E4A00F4B1D9 /* СryptoWallet */ = {
			isa = PBXGroup;
			children = (
				4FE816A929127E5300F4B1D9 /* Info.plist */,
				4FD7F1652923BA3B00CF9F10 /* Classes */,
				4FD7F1682923BAC600CF9F10 /* Supporting Files */,
				4F6F6CB229223C88003429DD /* Resources */,
			);
			path = "СryptoWallet";
			sourceTree = "<group>";
		};
		4FE816B42914035600F4B1D9 /* AuthModule */ = {
			isa = PBXGroup;
			children = (
				4FD7F16B2923C80500CF9F10 /* AuthModuleBuilder.swift */,
				4F102846293920E7007987E6 /* ViewModel */,
				4F5CF1E12938BC6700593B16 /* Extensions */,
				4FD7F19D292818DA00CF9F10 /* View */,
				4F1028472939212A007987E6 /* Services */,
				4F102844293920B0007987E6 /* StateInputForProcessing.swift */,
				4F5CF1E42938DC3D00593B16 /* ProcessingInputService.swift */,
			);
			name = AuthModule;
			path = "New Group";
			sourceTree = "<group>";
		};
/* End PBXGroup section */

/* Begin PBXNativeTarget section */
		4FC1505F293E6540001E5D82 /* СryptoWalletTests */ = {
			isa = PBXNativeTarget;
			buildConfigurationList = 4FC15068293E6540001E5D82 /* Build configuration list for PBXNativeTarget "СryptoWalletTests" */;
			buildPhases = (
				4FC1505C293E6540001E5D82 /* Sources */,
				4FC1505D293E6540001E5D82 /* Frameworks */,
				4FC1505E293E6540001E5D82 /* Resources */,
			);
			buildRules = (
			);
			dependencies = (
				4FC15065293E6540001E5D82 /* PBXTargetDependency */,
			);
			name = "СryptoWalletTests";
			productName = "СryptoWalletTests";
			productReference = 4FC15060293E6540001E5D82 /* СryptoWalletTests.xctest */;
			productType = "com.apple.product-type.bundle.unit-test";
		};
		4FE8169729127E4A00F4B1D9 /* СryptoWallet */ = {
			isa = PBXNativeTarget;
			buildConfigurationList = 4FE816AC29127E5300F4B1D9 /* Build configuration list for PBXNativeTarget "СryptoWallet" */;
			buildPhases = (
				4FE8169429127E4A00F4B1D9 /* Sources */,
				4FE8169529127E4A00F4B1D9 /* Frameworks */,
				4FE8169629127E4A00F4B1D9 /* Resources */,
			);
			buildRules = (
			);
			dependencies = (
			);
			name = "СryptoWallet";
			productName = "СryptoWallet";
			productReference = 4FE8169829127E4A00F4B1D9 /* СryptoWallet.app */;
			productType = "com.apple.product-type.application";
		};
/* End PBXNativeTarget section */

/* Begin PBXProject section */
		4FE8169029127E4A00F4B1D9 /* Project object */ = {
			isa = PBXProject;
			attributes = {
				BuildIndependentTargetsInParallel = 1;
				LastSwiftUpdateCheck = 1410;
				LastUpgradeCheck = 1400;
				TargetAttributes = {
					4FC1505F293E6540001E5D82 = {
						CreatedOnToolsVersion = 14.1;
						TestTargetID = 4FE8169729127E4A00F4B1D9;
					};
					4FE8169729127E4A00F4B1D9 = {
						CreatedOnToolsVersion = 14.0.1;
					};
				};
			};
			buildConfigurationList = 4FE8169329127E4A00F4B1D9 /* Build configuration list for PBXProject "СryptoWallet" */;
			compatibilityVersion = "Xcode 13.0";
			developmentRegion = en;
			hasScannedForEncodings = 0;
			knownRegions = (
				en,
				Base,
			);
			mainGroup = 4FE8168F29127E4A00F4B1D9;
			productRefGroup = 4FE8169929127E4A00F4B1D9 /* Products */;
			projectDirPath = "";
			projectRoot = "";
			targets = (
				4FE8169729127E4A00F4B1D9 /* СryptoWallet */,
				4FC1505F293E6540001E5D82 /* СryptoWalletTests */,
			);
		};
/* End PBXProject section */

/* Begin PBXResourcesBuildPhase section */
		4FC1505E293E6540001E5D82 /* Resources */ = {
			isa = PBXResourcesBuildPhase;
			buildActionMask = 2147483647;
			files = (
			);
			runOnlyForDeploymentPostprocessing = 0;
		};
		4FE8169629127E4A00F4B1D9 /* Resources */ = {
			isa = PBXResourcesBuildPhase;
			buildActionMask = 2147483647;
			files = (
				4FE816A829127E5300F4B1D9 /* LaunchScreen.storyboard in Resources */,
				4FE816A529127E5300F4B1D9 /* Assets.xcassets in Resources */,
			);
			runOnlyForDeploymentPostprocessing = 0;
		};
/* End PBXResourcesBuildPhase section */

/* Begin PBXSourcesBuildPhase section */
		4FC1505C293E6540001E5D82 /* Sources */ = {
			isa = PBXSourcesBuildPhase;
			buildActionMask = 2147483647;
			files = (
				4F48E15329530A9700592CE5 /* AuthServiceXCTestCase.swift in Sources */,
				4F48E14F2953084900592CE5 /* ValidationServiceXCTestCase.swift in Sources */,
				4F48E15529530DFF00592CE5 /* ProcessingInputServiceXCTestCase.swift in Sources */,
				4F48E1512953095F00592CE5 /* AlertPresentationServiceXCTestCase.swift in Sources */,
			);
			runOnlyForDeploymentPostprocessing = 0;
		};
		4FE8169429127E4A00F4B1D9 /* Sources */ = {
			isa = PBXSourcesBuildPhase;
			buildActionMask = 2147483647;
			files = (
				4F1FF0DF292D5508004A15E4 /* URLRequest+encoding.swift in Sources */,
				4FE816A029127E4A00F4B1D9 /* AuthViewController.swift in Sources */,
				4FD7F19229244D2200CF9F10 /* AuthCoordinator.swift in Sources */,
				4FD7F1782924157900CF9F10 /* AuthStorage.swift in Sources */,
				4F7F3B9A291C1BDC005275A7 /* HTTPURLResponse + hasSucsessStatusCode.swift in Sources */,
				4F5CF1E32938BC9A00593B16 /* UIViewController+hideKeyboard.swift in Sources */,
				4F1FF0E5292D7284004A15E4 /* StringsCoins.swift in Sources */,
				4F102845293920B0007987E6 /* StateInputForProcessing.swift in Sources */,
				4F345AB32919277A00BA0849 /* CoinTableViewCellModel.swift in Sources */,
				4FD7F17A29241A8A00CF9F10 /* ValidationService.swift in Sources */,
				4F7F3B96291C1986005275A7 /* DataResponseError.swift in Sources */,
				4FC150902946280A001E5D82 /* StateHeader.swift in Sources */,
				4F5CF1E52938DC3D00593B16 /* ProcessingInputService.swift in Sources */,
				4FD7F19A2927F88600CF9F10 /* Double+toString.swift in Sources */,
				4FD7F19029244B5300CF9F10 /* AppRouter.swift in Sources */,
				4F7F3BA0291D3A1B005275A7 /* HeaderUIView.swift in Sources */,
				4F345AA12918597100BA0849 /* DetailedCardCoinViewController.swift in Sources */,
				4F345AA8291911D100BA0849 /* CoinsListViewController.swift in Sources */,
				4FE816B12912D06600F4B1D9 /* Colors.swift in Sources */,
				4FD7F19429244EB300CF9F10 /* AuthCoordinatorBuilder.swift in Sources */,
				4F345AB5291AD46F00BA0849 /* DetailedCardCoinViewModel.swift in Sources */,
				4FD7F19629244F5600CF9F10 /* NavigationRouter.swift in Sources */,
				4FD7F18729242E3400CF9F10 /* Routable.swift in Sources */,
				4FD7F1A5292821D500CF9F10 /* Coin+convertToCellModel.swift in Sources */,
				4FD7F1A3292821B000CF9F10 /* Coin.swift in Sources */,
				4FD7F18929242E8900CF9F10 /* Presentable.swift in Sources */,
				4FFE5E8C291430AC00CFC65F /* AuthViewModel.swift in Sources */,
				4FD7F1762924148E00CF9F10 /* AuthService.swift in Sources */,
				4FD7F18E292431AD00CF9F10 /* MainCoordinatorProtocol.swift in Sources */,
				4FFE5E8E2914395E00CFC65F /* ValidationConstants.swift in Sources */,
				4FD7F1702923D85300CF9F10 /* DetailedCardCoinModuleBuilder.swift in Sources */,
				4FD7F18C29242F8100CF9F10 /* BaseCoordinator.swift in Sources */,
				4FD7F18429242D9900CF9F10 /* Coordinator.swift in Sources */,
				4FD7F19F2928212000CF9F10 /* CoinsResponse+createCellModel.swift in Sources */,
				4F345AAA29191A0900BA0849 /* CoinTableViewCell.swift in Sources */,
				4FE816B32912D44C00F4B1D9 /* StringsAuth.swift in Sources */,
				4F1FF0DA292D3BFE004A15E4 /* Configurable.swift in Sources */,
				4F6F6CB429223DA7003429DD /* StringsHeader.swift in Sources */,
				4FD7F18129242CF600CF9F10 /* AppCoordinator.swift in Sources */,
				4F345ACC291C0D0100BA0849 /* CoinRequest.swift in Sources */,
				4FE8169C29127E4A00F4B1D9 /* AppDelegate.swift in Sources */,
				4FC1508E2945E170001E5D82 /* UIMenuModel.swift in Sources */,
				4F1FF0DC292D4554004A15E4 /* Images.swift in Sources */,
				4F5CF1E72938F0C900593B16 /* AlertPresentationService.swift in Sources */,
				4FB2A97C292ACDB200D57CED /* UITableViewCell+reuseIdentifier.swift in Sources */,
				4FD7F1A12928215C00CF9F10 /* CoinseResponse+convertToCoin.swift in Sources */,
				4FD7F1982925110100CF9F10 /* MainCoordinatorBuilder.swift in Sources */,
				4FD7F1742923DA7E00CF9F10 /* DetailCardCoinView.swift in Sources */,
				4FD7F16C2923C80500CF9F10 /* AuthModuleBuilder.swift in Sources */,
				4FD7F16E2923D03F00CF9F10 /* CoinsListModuleBuilder.swift in Sources */,
				4F6F6CB629223F42003429DD /* StringsNetwork.swift in Sources */,
				4F345AA429185DE000BA0849 /* CoinResponse.swift in Sources */,
				4FB2A97A292A18AD00D57CED /* Double+rounded.swift in Sources */,
				4F345ACA291BF9BC00BA0849 /* NetworkService.swift in Sources */,
				4F7F3BA3291D51FB005275A7 /* HeaderUIViewModel.swift in Sources */,
				4FD7F19C29280F1B00CF9F10 /* AuthView.swift in Sources */,
				4F7F3B9C291C1DAF005275A7 /* CoinsListViewModel.swift in Sources */,
			);
			runOnlyForDeploymentPostprocessing = 0;
		};
/* End PBXSourcesBuildPhase section */

/* Begin PBXTargetDependency section */
		4FC15065293E6540001E5D82 /* PBXTargetDependency */ = {
			isa = PBXTargetDependency;
			target = 4FE8169729127E4A00F4B1D9 /* СryptoWallet */;
			targetProxy = 4FC15064293E6540001E5D82 /* PBXContainerItemProxy */;
		};
/* End PBXTargetDependency section */

/* Begin PBXVariantGroup section */
		4FE816A629127E5300F4B1D9 /* LaunchScreen.storyboard */ = {
			isa = PBXVariantGroup;
			children = (
				4FE816A729127E5300F4B1D9 /* Base */,
			);
			name = LaunchScreen.storyboard;
			sourceTree = "<group>";
		};
/* End PBXVariantGroup section */

/* Begin XCBuildConfiguration section */
		4FC15066293E6540001E5D82 /* Debug */ = {
			isa = XCBuildConfiguration;
			buildSettings = {
				BUNDLE_LOADER = "$(TEST_HOST)";
				CODE_SIGN_STYLE = Automatic;
				CURRENT_PROJECT_VERSION = 1;
				DEVELOPMENT_TEAM = V58ZGGP2K9;
				GENERATE_INFOPLIST_FILE = YES;
				IPHONEOS_DEPLOYMENT_TARGET = 16.1;
				MARKETING_VERSION = 1.0;
				PRODUCT_BUNDLE_IDENTIFIER = "com.shagaevae.-ryptoWalletTests";
				PRODUCT_NAME = "$(TARGET_NAME)";
				SWIFT_EMIT_LOC_STRINGS = NO;
				SWIFT_VERSION = 5.0;
				TARGETED_DEVICE_FAMILY = "1,2";
				TEST_HOST = "$(BUILT_PRODUCTS_DIR)/СryptoWallet.app/$(BUNDLE_EXECUTABLE_FOLDER_PATH)/СryptoWallet";
			};
			name = Debug;
		};
		4FC15067293E6540001E5D82 /* Release */ = {
			isa = XCBuildConfiguration;
			buildSettings = {
				BUNDLE_LOADER = "$(TEST_HOST)";
				CODE_SIGN_STYLE = Automatic;
				CURRENT_PROJECT_VERSION = 1;
				DEVELOPMENT_TEAM = V58ZGGP2K9;
				GENERATE_INFOPLIST_FILE = YES;
				IPHONEOS_DEPLOYMENT_TARGET = 16.1;
				MARKETING_VERSION = 1.0;
				PRODUCT_BUNDLE_IDENTIFIER = "com.shagaevae.-ryptoWalletTests";
				PRODUCT_NAME = "$(TARGET_NAME)";
				SWIFT_EMIT_LOC_STRINGS = NO;
				SWIFT_VERSION = 5.0;
				TARGETED_DEVICE_FAMILY = "1,2";
				TEST_HOST = "$(BUILT_PRODUCTS_DIR)/СryptoWallet.app/$(BUNDLE_EXECUTABLE_FOLDER_PATH)/СryptoWallet";
			};
			name = Release;
		};
		4FE816AA29127E5300F4B1D9 /* Debug */ = {
			isa = XCBuildConfiguration;
			buildSettings = {
				ALWAYS_SEARCH_USER_PATHS = NO;
				CLANG_ANALYZER_NONNULL = YES;
				CLANG_ANALYZER_NUMBER_OBJECT_CONVERSION = YES_AGGRESSIVE;
				CLANG_CXX_LANGUAGE_STANDARD = "gnu++20";
				CLANG_ENABLE_MODULES = YES;
				CLANG_ENABLE_OBJC_ARC = YES;
				CLANG_ENABLE_OBJC_WEAK = YES;
				CLANG_WARN_BLOCK_CAPTURE_AUTORELEASING = YES;
				CLANG_WARN_BOOL_CONVERSION = YES;
				CLANG_WARN_COMMA = YES;
				CLANG_WARN_CONSTANT_CONVERSION = YES;
				CLANG_WARN_DEPRECATED_OBJC_IMPLEMENTATIONS = YES;
				CLANG_WARN_DIRECT_OBJC_ISA_USAGE = YES_ERROR;
				CLANG_WARN_DOCUMENTATION_COMMENTS = YES;
				CLANG_WARN_EMPTY_BODY = YES;
				CLANG_WARN_ENUM_CONVERSION = YES;
				CLANG_WARN_INFINITE_RECURSION = YES;
				CLANG_WARN_INT_CONVERSION = YES;
				CLANG_WARN_NON_LITERAL_NULL_CONVERSION = YES;
				CLANG_WARN_OBJC_IMPLICIT_RETAIN_SELF = YES;
				CLANG_WARN_OBJC_LITERAL_CONVERSION = YES;
				CLANG_WARN_OBJC_ROOT_CLASS = YES_ERROR;
				CLANG_WARN_QUOTED_INCLUDE_IN_FRAMEWORK_HEADER = YES;
				CLANG_WARN_RANGE_LOOP_ANALYSIS = YES;
				CLANG_WARN_STRICT_PROTOTYPES = YES;
				CLANG_WARN_SUSPICIOUS_MOVE = YES;
				CLANG_WARN_UNGUARDED_AVAILABILITY = YES_AGGRESSIVE;
				CLANG_WARN_UNREACHABLE_CODE = YES;
				CLANG_WARN__DUPLICATE_METHOD_MATCH = YES;
				COPY_PHASE_STRIP = NO;
				DEBUG_INFORMATION_FORMAT = dwarf;
				ENABLE_STRICT_OBJC_MSGSEND = YES;
				ENABLE_TESTABILITY = YES;
				GCC_C_LANGUAGE_STANDARD = gnu11;
				GCC_DYNAMIC_NO_PIC = NO;
				GCC_NO_COMMON_BLOCKS = YES;
				GCC_OPTIMIZATION_LEVEL = 0;
				GCC_PREPROCESSOR_DEFINITIONS = (
					"DEBUG=1",
					"$(inherited)",
				);
				GCC_WARN_64_TO_32_BIT_CONVERSION = YES;
				GCC_WARN_ABOUT_RETURN_TYPE = YES_ERROR;
				GCC_WARN_UNDECLARED_SELECTOR = YES;
				GCC_WARN_UNINITIALIZED_AUTOS = YES_AGGRESSIVE;
				GCC_WARN_UNUSED_FUNCTION = YES;
				GCC_WARN_UNUSED_VARIABLE = YES;
				IPHONEOS_DEPLOYMENT_TARGET = 16.0;
				MTL_ENABLE_DEBUG_INFO = INCLUDE_SOURCE;
				MTL_FAST_MATH = YES;
				ONLY_ACTIVE_ARCH = YES;
				SDKROOT = iphoneos;
				SWIFT_ACTIVE_COMPILATION_CONDITIONS = DEBUG;
				SWIFT_OPTIMIZATION_LEVEL = "-Onone";
			};
			name = Debug;
		};
		4FE816AB29127E5300F4B1D9 /* Release */ = {
			isa = XCBuildConfiguration;
			buildSettings = {
				ALWAYS_SEARCH_USER_PATHS = NO;
				CLANG_ANALYZER_NONNULL = YES;
				CLANG_ANALYZER_NUMBER_OBJECT_CONVERSION = YES_AGGRESSIVE;
				CLANG_CXX_LANGUAGE_STANDARD = "gnu++20";
				CLANG_ENABLE_MODULES = YES;
				CLANG_ENABLE_OBJC_ARC = YES;
				CLANG_ENABLE_OBJC_WEAK = YES;
				CLANG_WARN_BLOCK_CAPTURE_AUTORELEASING = YES;
				CLANG_WARN_BOOL_CONVERSION = YES;
				CLANG_WARN_COMMA = YES;
				CLANG_WARN_CONSTANT_CONVERSION = YES;
				CLANG_WARN_DEPRECATED_OBJC_IMPLEMENTATIONS = YES;
				CLANG_WARN_DIRECT_OBJC_ISA_USAGE = YES_ERROR;
				CLANG_WARN_DOCUMENTATION_COMMENTS = YES;
				CLANG_WARN_EMPTY_BODY = YES;
				CLANG_WARN_ENUM_CONVERSION = YES;
				CLANG_WARN_INFINITE_RECURSION = YES;
				CLANG_WARN_INT_CONVERSION = YES;
				CLANG_WARN_NON_LITERAL_NULL_CONVERSION = YES;
				CLANG_WARN_OBJC_IMPLICIT_RETAIN_SELF = YES;
				CLANG_WARN_OBJC_LITERAL_CONVERSION = YES;
				CLANG_WARN_OBJC_ROOT_CLASS = YES_ERROR;
				CLANG_WARN_QUOTED_INCLUDE_IN_FRAMEWORK_HEADER = YES;
				CLANG_WARN_RANGE_LOOP_ANALYSIS = YES;
				CLANG_WARN_STRICT_PROTOTYPES = YES;
				CLANG_WARN_SUSPICIOUS_MOVE = YES;
				CLANG_WARN_UNGUARDED_AVAILABILITY = YES_AGGRESSIVE;
				CLANG_WARN_UNREACHABLE_CODE = YES;
				CLANG_WARN__DUPLICATE_METHOD_MATCH = YES;
				COPY_PHASE_STRIP = NO;
				DEBUG_INFORMATION_FORMAT = "dwarf-with-dsym";
				ENABLE_NS_ASSERTIONS = NO;
				ENABLE_STRICT_OBJC_MSGSEND = YES;
				GCC_C_LANGUAGE_STANDARD = gnu11;
				GCC_NO_COMMON_BLOCKS = YES;
				GCC_WARN_64_TO_32_BIT_CONVERSION = YES;
				GCC_WARN_ABOUT_RETURN_TYPE = YES_ERROR;
				GCC_WARN_UNDECLARED_SELECTOR = YES;
				GCC_WARN_UNINITIALIZED_AUTOS = YES_AGGRESSIVE;
				GCC_WARN_UNUSED_FUNCTION = YES;
				GCC_WARN_UNUSED_VARIABLE = YES;
				IPHONEOS_DEPLOYMENT_TARGET = 16.0;
				MTL_ENABLE_DEBUG_INFO = NO;
				MTL_FAST_MATH = YES;
				SDKROOT = iphoneos;
				SWIFT_COMPILATION_MODE = wholemodule;
				SWIFT_OPTIMIZATION_LEVEL = "-O";
				VALIDATE_PRODUCT = YES;
			};
			name = Release;
		};
		4FE816AD29127E5300F4B1D9 /* Debug */ = {
			isa = XCBuildConfiguration;
			buildSettings = {
				ASSETCATALOG_COMPILER_APPICON_NAME = AppIcon;
				ASSETCATALOG_COMPILER_GLOBAL_ACCENT_COLOR_NAME = AccentColor;
				CODE_SIGN_STYLE = Automatic;
				CURRENT_PROJECT_VERSION = 1;
				DEVELOPMENT_TEAM = V58ZGGP2K9;
				GENERATE_INFOPLIST_FILE = YES;
				INFOPLIST_FILE = "СryptoWallet/Info.plist";
				INFOPLIST_KEY_UIApplicationSupportsIndirectInputEvents = YES;
				INFOPLIST_KEY_UILaunchStoryboardName = LaunchScreen;
				INFOPLIST_KEY_UIMainStoryboardFile = "";
				INFOPLIST_KEY_UISupportedInterfaceOrientations = UIInterfaceOrientationPortrait;
				IPHONEOS_DEPLOYMENT_TARGET = 15.2;
				LD_RUNPATH_SEARCH_PATHS = (
					"$(inherited)",
					"@executable_path/Frameworks",
				);
				MARKETING_VERSION = 1.0;
				PRODUCT_BUNDLE_IDENTIFIER = "com.shagaevae.-ryptoWallet";
				PRODUCT_NAME = "$(TARGET_NAME)";
				SWIFT_EMIT_LOC_STRINGS = NO;
				SWIFT_VERSION = 5.0;
				TARGETED_DEVICE_FAMILY = "1,2";
			};
			name = Debug;
		};
		4FE816AE29127E5300F4B1D9 /* Release */ = {
			isa = XCBuildConfiguration;
			buildSettings = {
				ASSETCATALOG_COMPILER_APPICON_NAME = AppIcon;
				ASSETCATALOG_COMPILER_GLOBAL_ACCENT_COLOR_NAME = AccentColor;
				CODE_SIGN_STYLE = Automatic;
				CURRENT_PROJECT_VERSION = 1;
				DEVELOPMENT_TEAM = V58ZGGP2K9;
				GENERATE_INFOPLIST_FILE = YES;
				INFOPLIST_FILE = "СryptoWallet/Info.plist";
				INFOPLIST_KEY_UIApplicationSupportsIndirectInputEvents = YES;
				INFOPLIST_KEY_UILaunchStoryboardName = LaunchScreen;
				INFOPLIST_KEY_UIMainStoryboardFile = "";
				INFOPLIST_KEY_UISupportedInterfaceOrientations = UIInterfaceOrientationPortrait;
				IPHONEOS_DEPLOYMENT_TARGET = 15.2;
				LD_RUNPATH_SEARCH_PATHS = (
					"$(inherited)",
					"@executable_path/Frameworks",
				);
				MARKETING_VERSION = 1.0;
				PRODUCT_BUNDLE_IDENTIFIER = "com.shagaevae.-ryptoWallet";
				PRODUCT_NAME = "$(TARGET_NAME)";
				SWIFT_EMIT_LOC_STRINGS = NO;
				SWIFT_VERSION = 5.0;
				TARGETED_DEVICE_FAMILY = "1,2";
			};
			name = Release;
		};
/* End XCBuildConfiguration section */

/* Begin XCConfigurationList section */
		4FC15068293E6540001E5D82 /* Build configuration list for PBXNativeTarget "СryptoWalletTests" */ = {
			isa = XCConfigurationList;
			buildConfigurations = (
				4FC15066293E6540001E5D82 /* Debug */,
				4FC15067293E6540001E5D82 /* Release */,
			);
			defaultConfigurationIsVisible = 0;
			defaultConfigurationName = Release;
		};
		4FE8169329127E4A00F4B1D9 /* Build configuration list for PBXProject "СryptoWallet" */ = {
			isa = XCConfigurationList;
			buildConfigurations = (
				4FE816AA29127E5300F4B1D9 /* Debug */,
				4FE816AB29127E5300F4B1D9 /* Release */,
			);
			defaultConfigurationIsVisible = 0;
			defaultConfigurationName = Release;
		};
		4FE816AC29127E5300F4B1D9 /* Build configuration list for PBXNativeTarget "СryptoWallet" */ = {
			isa = XCConfigurationList;
			buildConfigurations = (
				4FE816AD29127E5300F4B1D9 /* Debug */,
				4FE816AE29127E5300F4B1D9 /* Release */,
			);
			defaultConfigurationIsVisible = 0;
			defaultConfigurationName = Release;
		};
/* End XCConfigurationList section */
	};
	rootObject = 4FE8169029127E4A00F4B1D9 /* Project object */;
}
